<?xml version="1.0" encoding="utf-8"?>
<Project ToolsVersion="4.0" xmlns="http://schemas.microsoft.com/developer/msbuild/2003">
  <ItemGroup>
    <Filter Include="Engine">
      <UniqueIdentifier>{944bf8aa-1b3e-4114-a230-ce1ad4890f0f}</UniqueIdentifier>
    </Filter>
    <Filter Include="Engine\WinApp">
      <UniqueIdentifier>{6c90fb82-6550-4e5c-b081-06156ad9e489}</UniqueIdentifier>
    </Filter>
    <Filter Include="Engine\ImGui">
      <UniqueIdentifier>{b18b82c8-98da-4545-8479-c61f74d7771e}</UniqueIdentifier>
    </Filter>
    <Filter Include="Engine\ConvertString">
      <UniqueIdentifier>{12bdc4ba-ff86-4019-a42e-bd488330f3cb}</UniqueIdentifier>
    </Filter>
    <Filter Include="Engine\Input">
      <UniqueIdentifier>{1e417f2e-51b3-4617-987c-0a7e595205cc}</UniqueIdentifier>
    </Filter>
    <Filter Include="Engine\Math">
      <UniqueIdentifier>{4a5a378f-f1a8-4496-b68b-d3bb86a79f59}</UniqueIdentifier>
    </Filter>
    <Filter Include="Engine\Graphics">
      <UniqueIdentifier>{9a471d0f-6cf1-4364-a640-b513f2c97a18}</UniqueIdentifier>
    </Filter>
    <Filter Include="Externals">
      <UniqueIdentifier>{599b289a-dc77-4724-99c5-2ec5025337f1}</UniqueIdentifier>
    </Filter>
    <Filter Include="Externals\imgui">
      <UniqueIdentifier>{2d96a4bd-ec4f-4ec4-9447-f8b9ca567b76}</UniqueIdentifier>
    </Filter>
    <Filter Include="Game">
      <UniqueIdentifier>{55e31ea7-1e4a-41bd-bc9a-c3ec1d0a38fc}</UniqueIdentifier>
    </Filter>
  </ItemGroup>
  <ItemGroup>
    <ClCompile Include="Game\Engine\Math\MyMath.cpp">
      <Filter>Engine\Math</Filter>
    </ClCompile>
    <ClCompile Include="Game\Engine\ConvertString\ConvertString.cpp">
      <Filter>Engine\ConvertString</Filter>
    </ClCompile>
    <ClCompile Include="Game\Engine\ImGui\ImGuiManager.cpp">
      <Filter>Engine\ImGui</Filter>
    </ClCompile>
    <ClCompile Include="Game\Engine\Input\Input.cpp">
      <Filter>Engine\Input</Filter>
    </ClCompile>
    <ClCompile Include="Game\Engine\WinApp\WinApp.cpp">
      <Filter>Engine\WinApp</Filter>
    </ClCompile>
    <ClCompile Include="Game\Engine\Math\Matrix4x4.cpp">
      <Filter>Engine\Math</Filter>
    </ClCompile>
    <ClCompile Include="Game\Engine\Math\ViewProjection.cpp">
      <Filter>Engine\Math</Filter>
    </ClCompile>
    <ClCompile Include="Game\Engine\Math\WorldTransform.cpp">
      <Filter>Engine\Math</Filter>
    </ClCompile>
    <ClCompile Include="Game\main.cpp" />
    <ClCompile Include="Game\Engine\Graphics\CommandQueue.cpp">
      <Filter>Engine\Graphics</Filter>
    </ClCompile>
    <ClCompile Include="Game\Engine\Graphics\GraphicsCore.cpp">
      <Filter>Engine\Graphics</Filter>
    </ClCompile>
    <ClCompile Include="Game\Engine\Graphics\DescriptorHeap.cpp">
      <Filter>Engine\Graphics</Filter>
    </ClCompile>
    <ClCompile Include="Game\Engine\Graphics\SamplerManager.cpp">
      <Filter>Engine\Graphics</Filter>
    </ClCompile>
    <ClCompile Include="Game\Engine\Graphics\Color.cpp">
      <Filter>Engine\Graphics</Filter>
    </ClCompile>
    <ClCompile Include="Game\Engine\Graphics\SwapChain.cpp">
      <Filter>Engine\Graphics</Filter>
    </ClCompile>
    <ClCompile Include="Game\Engine\Graphics\ColorBuffer.cpp">
      <Filter>Engine\Graphics</Filter>
    </ClCompile>
    <ClCompile Include="Game\Engine\Graphics\PixelBuffer.cpp">
      <Filter>Engine\Graphics</Filter>
    </ClCompile>
    <ClCompile Include="Game\Engine\Graphics\RenderManager.cpp">
      <Filter>Engine\Graphics</Filter>
    </ClCompile>
    <ClCompile Include="Game\Engine\Graphics\CommandContext.cpp">
      <Filter>Engine\Graphics</Filter>
    </ClCompile>
    <ClCompile Include="Game\Engine\Graphics\DepthBuffer.cpp">
      <Filter>Engine\Graphics</Filter>
    </ClCompile>
    <ClCompile Include="Externals\Imgui\imgui.cpp">
      <Filter>Externals\imgui</Filter>
    </ClCompile>
    <ClCompile Include="Externals\Imgui\imgui_demo.cpp">
      <Filter>Externals\imgui</Filter>
    </ClCompile>
    <ClCompile Include="Externals\Imgui\imgui_draw.cpp">
      <Filter>Externals\imgui</Filter>
    </ClCompile>
    <ClCompile Include="Externals\Imgui\imgui_impl_dx12.cpp">
      <Filter>Externals\imgui</Filter>
    </ClCompile>
    <ClCompile Include="Externals\Imgui\imgui_impl_win32.cpp">
      <Filter>Externals\imgui</Filter>
    </ClCompile>
    <ClCompile Include="Externals\Imgui\imgui_tables.cpp">
      <Filter>Externals\imgui</Filter>
    </ClCompile>
    <ClCompile Include="Externals\Imgui\imgui_widgets.cpp">
      <Filter>Externals\imgui</Filter>
    </ClCompile>
    <ClCompile Include="Game\Engine\GameCore.cpp">
      <Filter>Engine</Filter>
    </ClCompile>
    <ClCompile Include="Game\Engine\Graphics\LinerAllocator.cpp">
      <Filter>Engine\Graphics</Filter>
    </ClCompile>
    <ClCompile Include="Game\Engine\Graphics\UploadBuffer.cpp">
      <Filter>Engine\Graphics</Filter>
    </ClCompile>
    <ClCompile Include="Game\Engine\Graphics\RootSignature.cpp">
      <Filter>Engine\Graphics</Filter>
    </ClCompile>
    <ClCompile Include="Game\Engine\Graphics\PipelineState.cpp">
      <Filter>Engine\Graphics</Filter>
    </ClCompile>
    <ClCompile Include="GPUParticle.cpp">
      <Filter>Game</Filter>
    </ClCompile>
  </ItemGroup>
  <ItemGroup>
    <ClInclude Include="Game\Engine\WinApp\WinApp.h">
      <Filter>Engine\WinApp</Filter>
    </ClInclude>
    <ClInclude Include="Game\Engine\ImGui\ImGuiManager.h">
      <Filter>Engine\ImGui</Filter>
    </ClInclude>
    <ClInclude Include="Game\Engine\ConvertString\ConvertString.h">
      <Filter>Engine\ConvertString</Filter>
    </ClInclude>
    <ClInclude Include="Game\Engine\Input\Input.h">
      <Filter>Engine\Input</Filter>
    </ClInclude>
    <ClInclude Include="Game\Engine\Math\Matrix4x4.h">
      <Filter>Engine\Math</Filter>
    </ClInclude>
    <ClInclude Include="Game\Engine\Math\MyMath.h">
      <Filter>Engine\Math</Filter>
    </ClInclude>
    <ClInclude Include="Game\Engine\Math\Vector2.h">
      <Filter>Engine\Math</Filter>
    </ClInclude>
    <ClInclude Include="Game\Engine\Math\Vector4.h">
      <Filter>Engine\Math</Filter>
    </ClInclude>
    <ClInclude Include="Game\Engine\Math\Vector3.h">
      <Filter>Engine\Math</Filter>
    </ClInclude>
    <ClInclude Include="Game\Engine\Math\AABB.h">
      <Filter>Engine\Math</Filter>
    </ClInclude>
    <ClInclude Include="Game\Engine\Math\OBB.h">
      <Filter>Engine\Math</Filter>
    </ClInclude>
    <ClInclude Include="Game\Engine\Math\ViewProjection.h">
      <Filter>Engine\Math</Filter>
    </ClInclude>
    <ClInclude Include="Game\Engine\Math\WorldTransform.h">
      <Filter>Engine\Math</Filter>
    </ClInclude>
    <ClInclude Include="Game\Engine\Graphics\CommandQueue.h">
      <Filter>Engine\Graphics</Filter>
    </ClInclude>
    <ClInclude Include="Game\Engine\Graphics\GraphicsCore.h">
      <Filter>Engine\Graphics</Filter>
    </ClInclude>
    <ClInclude Include="Game\Engine\Graphics\DescriptorHeap.h">
      <Filter>Engine\Graphics</Filter>
    </ClInclude>
    <ClInclude Include="Game\Engine\Graphics\DescriptorHandle.h">
      <Filter>Engine\Graphics</Filter>
    </ClInclude>
    <ClInclude Include="Game\Engine\Graphics\SamplerManager.h">
      <Filter>Engine\Graphics</Filter>
    </ClInclude>
    <ClInclude Include="Game\Engine\Graphics\Color.h">
      <Filter>Engine\Graphics</Filter>
    </ClInclude>
    <ClInclude Include="Game\Engine\Graphics\SwapChain.h">
      <Filter>Engine\Graphics</Filter>
    </ClInclude>
    <ClInclude Include="Game\Engine\Graphics\GpuResource.h">
      <Filter>Engine\Graphics</Filter>
    </ClInclude>
    <ClInclude Include="Game\Engine\Graphics\PixelBuffer.h">
      <Filter>Engine\Graphics</Filter>
    </ClInclude>
    <ClInclude Include="Game\Engine\Graphics\ColorBuffer.h">
      <Filter>Engine\Graphics</Filter>
    </ClInclude>
    <ClInclude Include="Game\Engine\Graphics\RenderManager.h">
      <Filter>Engine\Graphics</Filter>
    </ClInclude>
    <ClInclude Include="Game\Engine\Graphics\CommandContext.h">
      <Filter>Engine\Graphics</Filter>
    </ClInclude>
    <ClInclude Include="Game\Engine\Graphics\DepthBuffer.h">
      <Filter>Engine\Graphics</Filter>
    </ClInclude>
    <ClInclude Include="Externals\Imgui\imstb_truetype.h">
      <Filter>Externals\imgui</Filter>
    </ClInclude>
    <ClInclude Include="Externals\Imgui\imstb_textedit.h">
      <Filter>Externals\imgui</Filter>
    </ClInclude>
    <ClInclude Include="Externals\Imgui\imconfig.h">
      <Filter>Externals\imgui</Filter>
    </ClInclude>
    <ClInclude Include="Externals\Imgui\imgui.h">
      <Filter>Externals\imgui</Filter>
    </ClInclude>
    <ClInclude Include="Externals\Imgui\imgui_impl_dx12.h">
      <Filter>Externals\imgui</Filter>
    </ClInclude>
    <ClInclude Include="Externals\Imgui\imgui_impl_win32.h">
      <Filter>Externals\imgui</Filter>
    </ClInclude>
    <ClInclude Include="Externals\Imgui\imgui_internal.h">
      <Filter>Externals\imgui</Filter>
    </ClInclude>
    <ClInclude Include="Externals\Imgui\imstb_rectpack.h">
      <Filter>Externals\imgui</Filter>
    </ClInclude>
    <ClInclude Include="Game\Engine\GameCore.h">
      <Filter>Engine</Filter>
    </ClInclude>
    <ClInclude Include="Game\Engine\Graphics\LinerAllocator.h">
      <Filter>Engine\Graphics</Filter>
    </ClInclude>
    <ClInclude Include="Game\Engine\Graphics\UploadBuffer.h">
      <Filter>Engine\Graphics</Filter>
    </ClInclude>
    <ClInclude Include="Game\Engine\Graphics\PipelineState.h">
      <Filter>Engine\Graphics</Filter>
    </ClInclude>
    <ClInclude Include="Game\Engine\Graphics\RootSignature.h">
      <Filter>Engine\Graphics</Filter>
    </ClInclude>
    <ClInclude Include="GPUParticle.h">
      <Filter>Game</Filter>
    </ClInclude>
  </ItemGroup>
  <ItemGroup>
    <Text Include="Externals\Imgui\LICENSE.txt">
      <Filter>Externals\imgui</Filter>
    </Text>
  </ItemGroup>
</Project>