<?xml version="1.0" encoding="utf-8"?>
<Project ToolsVersion="4.0" xmlns="http://schemas.microsoft.com/developer/msbuild/2003">
  <ItemGroup>
    <Filter Include="Engine">
      <UniqueIdentifier>{944bf8aa-1b3e-4114-a230-ce1ad4890f0f}</UniqueIdentifier>
    </Filter>
    <Filter Include="Engine\WinApp">
      <UniqueIdentifier>{6c90fb82-6550-4e5c-b081-06156ad9e489}</UniqueIdentifier>
    </Filter>
    <Filter Include="Engine\ImGui">
      <UniqueIdentifier>{b18b82c8-98da-4545-8479-c61f74d7771e}</UniqueIdentifier>
    </Filter>
    <Filter Include="Engine\ConvertString">
      <UniqueIdentifier>{12bdc4ba-ff86-4019-a42e-bd488330f3cb}</UniqueIdentifier>
    </Filter>
    <Filter Include="Engine\DirectXCommon">
      <UniqueIdentifier>{7b5cc5cf-6b81-46a4-80b5-d0f36db2ea9a}</UniqueIdentifier>
    </Filter>
    <Filter Include="Engine\Input">
      <UniqueIdentifier>{1e417f2e-51b3-4617-987c-0a7e595205cc}</UniqueIdentifier>
    </Filter>
    <Filter Include="Engine\Math">
      <UniqueIdentifier>{4a5a378f-f1a8-4496-b68b-d3bb86a79f59}</UniqueIdentifier>
    </Filter>
    <Filter Include="Engine\Graphics">
      <UniqueIdentifier>{9a471d0f-6cf1-4364-a640-b513f2c97a18}</UniqueIdentifier>
    </Filter>
  </ItemGroup>
  <ItemGroup>
    <ClCompile Include="Game\Engine\Math\MyMath.cpp">
      <Filter>Engine\Math</Filter>
    </ClCompile>
    <ClCompile Include="Game\Engine\ConvertString\ConvertString.cpp">
      <Filter>Engine\ConvertString</Filter>
    </ClCompile>
    <ClCompile Include="Game\Engine\ImGui\ImGuiManager.cpp">
      <Filter>Engine\ImGui</Filter>
    </ClCompile>
    <ClCompile Include="Game\Engine\DirectXCommon\DirectXCommon.cpp">
      <Filter>Engine\DirectXCommon</Filter>
    </ClCompile>
    <ClCompile Include="Game\Engine\Input\Input.cpp">
      <Filter>Engine\Input</Filter>
    </ClCompile>
    <ClCompile Include="Game\Engine\WinApp\WinApp.cpp">
      <Filter>Engine\WinApp</Filter>
    </ClCompile>
    <ClCompile Include="Game\Engine\Math\Matrix4x4.cpp">
      <Filter>Engine\Math</Filter>
    </ClCompile>
    <ClCompile Include="Game\Engine\Math\ViewProjection.cpp">
      <Filter>Engine\Math</Filter>
    </ClCompile>
    <ClCompile Include="Game\Engine\Math\WorldTransform.cpp">
      <Filter>Engine\Math</Filter>
    </ClCompile>
    <ClCompile Include="Game\main.cpp" />
    <ClCompile Include="Game\Engine\Graphics\CommandQueue.cpp">
      <Filter>Engine\Graphics</Filter>
    </ClCompile>
    <ClCompile Include="Game\Engine\Graphics\GraphicsCore.cpp">
      <Filter>Engine\Graphics</Filter>
    </ClCompile>
    <ClCompile Include="Game\Engine\Graphics\DescriptorHeap.cpp">
      <Filter>Engine\Graphics</Filter>
    </ClCompile>
  </ItemGroup>
  <ItemGroup>
    <ClInclude Include="Game\Engine\WinApp\WinApp.h">
      <Filter>Engine\WinApp</Filter>
    </ClInclude>
    <ClInclude Include="Game\Engine\ImGui\ImGuiManager.h">
      <Filter>Engine\ImGui</Filter>
    </ClInclude>
    <ClInclude Include="Game\Engine\ConvertString\ConvertString.h">
      <Filter>Engine\ConvertString</Filter>
    </ClInclude>
    <ClInclude Include="Game\Engine\DirectXCommon\DirectXCommon.h">
      <Filter>Engine\DirectXCommon</Filter>
    </ClInclude>
    <ClInclude Include="Game\Engine\Input\Input.h">
      <Filter>Engine\Input</Filter>
    </ClInclude>
    <ClInclude Include="Game\Engine\Math\Matrix4x4.h">
      <Filter>Engine\Math</Filter>
    </ClInclude>
    <ClInclude Include="Game\Engine\Math\MyMath.h">
      <Filter>Engine\Math</Filter>
    </ClInclude>
    <ClInclude Include="Game\Engine\Math\Vector2.h">
      <Filter>Engine\Math</Filter>
    </ClInclude>
    <ClInclude Include="Game\Engine\Math\Vector4.h">
      <Filter>Engine\Math</Filter>
    </ClInclude>
    <ClInclude Include="Game\Engine\Math\Vector3.h">
      <Filter>Engine\Math</Filter>
    </ClInclude>
    <ClInclude Include="Game\Engine\Math\AABB.h">
      <Filter>Engine\Math</Filter>
    </ClInclude>
    <ClInclude Include="Game\Engine\Math\OBB.h">
      <Filter>Engine\Math</Filter>
    </ClInclude>
    <ClInclude Include="Game\Engine\Math\ViewProjection.h">
      <Filter>Engine\Math</Filter>
    </ClInclude>
    <ClInclude Include="Game\Engine\Math\WorldTransform.h">
      <Filter>Engine\Math</Filter>
    </ClInclude>
    <ClInclude Include="Game\Engine\Graphics\CommandQueue.h">
      <Filter>Engine\Graphics</Filter>
    </ClInclude>
    <ClInclude Include="Game\Engine\Graphics\GraphicsCore.h">
      <Filter>Engine\Graphics</Filter>
    </ClInclude>
    <ClInclude Include="Game\Engine\Graphics\DescriptorHeap.h">
      <Filter>Engine\Graphics</Filter>
    </ClInclude>
    <ClInclude Include="Game\Engine\Graphics\DescriptorHandle.h">
      <Filter>Engine\Graphics</Filter>
    </ClInclude>
  </ItemGroup>
</Project>